
Microsoft Visual Studio Solution File, Format Version 12.00
# Visual Studio Version 17
VisualStudioVersion = 17.8.34408.163
MinimumVisualStudioVersion = 10.0.40219.1
Project("{FAE04EC0-301F-11D3-BF4B-00C04F79EFBC}") = "9. Body Mass Index calculator", "9. Body Mass Index calculator.csproj", "{DA6C6A4B-43ED-499E-A979-84913A5560ED}"
EndProject
Global
	GlobalSection(SolutionConfigurationPlatforms) = preSolution
		Debug|Any CPU = Debug|Any CPU
		Release|Any CPU = Release|Any CPU
	EndGlobalSection
	GlobalSection(ProjectConfigurationPlatforms) = postSolution
		{DA6C6A4B-43ED-499E-A979-84913A5560ED}.Debug|Any CPU.ActiveCfg = Debug|Any CPU
		{DA6C6A4B-43ED-499E-A979-84913A5560ED}.Debug|Any CPU.Build.0 = Debug|Any CPU
		{DA6C6A4B-43ED-499E-A979-84913A5560ED}.Release|Any CPU.ActiveCfg = Release|Any CPU
		{DA6C6A4B-43ED-499E-A979-84913A5560ED}.Release|Any CPU.Build.0 = Release|Any CPU
	EndGlobalSection
	GlobalSection(SolutionProperties) = preSolution
		HideSolutionNode = FALSE
	EndGlobalSection
	GlobalSection(ExtensibilityGlobals) = postSolution
		SolutionGuid = {F403BD1A-7ED3-4AE9-ABC5-AD8348F65888}
	EndGlobalSection
EndGlobal
